
Microsoft Visual Studio Solution File, Format Version 12.00
Project("{FAE04EC0-301F-11D3-BF4B-00C04F79EFBC}") = "Ertis.Core", "Ertis.Core\Ertis.Core.csproj", "{B36EDD7F-139D-4BD0-8576-026C3C4DCFAD}"
EndProject
Project("{2150E333-8FDC-42A3-9474-1A3956D46DE8}") = "Database", "Database", "{26D7597E-3C67-4B1F-AC64-C3325624DEE9}"
EndProject
Project("{2150E333-8FDC-42A3-9474-1A3956D46DE8}") = "Network", "Network", "{5452F884-CF0F-4ACA-B4D3-DB392F430EEC}"
EndProject
Project("{2150E333-8FDC-42A3-9474-1A3956D46DE8}") = "Shared", "Shared", "{4E5E87D3-967B-478E-B42E-BFFAC3416C51}"
EndProject
Project("{2150E333-8FDC-42A3-9474-1A3956D46DE8}") = "Utilities", "Utilities", "{0C55439D-A8DE-4D55-B2AB-2D33F71B3413}"
EndProject
Project("{FAE04EC0-301F-11D3-BF4B-00C04F79EFBC}") = "Ertis.Schema", "Ertis.Schema\Ertis.Schema.csproj", "{BFC6AE32-FCAF-4D01-9202-AF00C6B2AC99}"
EndProject
Project("{FAE04EC0-301F-11D3-BF4B-00C04F79EFBC}") = "Ertis.Net", "Ertis.Net\Ertis.Net.csproj", "{879A187F-2632-40B6-9113-3B6DCDBC389A}"
EndProject
Project("{FAE04EC0-301F-11D3-BF4B-00C04F79EFBC}") = "Ertis.TemplateEngine", "Ertis.TemplateEngine\Ertis.TemplateEngine.csproj", "{6FA459C8-6B1D-4A24-B31D-6CC0FE506EB1}"
EndProject
Project("{FAE04EC0-301F-11D3-BF4B-00C04F79EFBC}") = "Ertis.ImageProcessing", "Ertis.ImageProcessing\Ertis.ImageProcessing.csproj", "{0CBFB595-0DCB-445E-AC74-AB8E71140A87}"
EndProject
Project("{FAE04EC0-301F-11D3-BF4B-00C04F79EFBC}") = "Ertis.Data", "Ertis.Data\Ertis.Data.csproj", "{79BBC75A-08E5-4439-BFF7-80570BAED99E}"
EndProject
Project("{FAE04EC0-301F-11D3-BF4B-00C04F79EFBC}") = "Ertis.MongoDB", "Ertis.MongoDB\Ertis.MongoDB.csproj", "{EB417C07-8B34-41DA-AC2B-CDDA521647AE}"
EndProject
Project("{FAE04EC0-301F-11D3-BF4B-00C04F79EFBC}") = "Ertis.MongoDB.Queries", "Ertis.MongoDB.Queries\Ertis.MongoDB.Queries.csproj", "{A78FF7FD-104D-4E34-9D54-A8C38CCC0873}"
EndProject
Global
	GlobalSection(SolutionConfigurationPlatforms) = preSolution
		Debug|Any CPU = Debug|Any CPU
		Release|Any CPU = Release|Any CPU
	EndGlobalSection
	GlobalSection(ProjectConfigurationPlatforms) = postSolution
		{B36EDD7F-139D-4BD0-8576-026C3C4DCFAD}.Debug|Any CPU.ActiveCfg = Debug|Any CPU
		{B36EDD7F-139D-4BD0-8576-026C3C4DCFAD}.Debug|Any CPU.Build.0 = Debug|Any CPU
		{B36EDD7F-139D-4BD0-8576-026C3C4DCFAD}.Release|Any CPU.ActiveCfg = Release|Any CPU
		{B36EDD7F-139D-4BD0-8576-026C3C4DCFAD}.Release|Any CPU.Build.0 = Release|Any CPU
		{BFC6AE32-FCAF-4D01-9202-AF00C6B2AC99}.Debug|Any CPU.ActiveCfg = Debug|Any CPU
		{BFC6AE32-FCAF-4D01-9202-AF00C6B2AC99}.Debug|Any CPU.Build.0 = Debug|Any CPU
		{BFC6AE32-FCAF-4D01-9202-AF00C6B2AC99}.Release|Any CPU.ActiveCfg = Release|Any CPU
		{BFC6AE32-FCAF-4D01-9202-AF00C6B2AC99}.Release|Any CPU.Build.0 = Release|Any CPU
		{879A187F-2632-40B6-9113-3B6DCDBC389A}.Debug|Any CPU.ActiveCfg = Debug|Any CPU
		{879A187F-2632-40B6-9113-3B6DCDBC389A}.Debug|Any CPU.Build.0 = Debug|Any CPU
		{879A187F-2632-40B6-9113-3B6DCDBC389A}.Release|Any CPU.ActiveCfg = Release|Any CPU
		{879A187F-2632-40B6-9113-3B6DCDBC389A}.Release|Any CPU.Build.0 = Release|Any CPU
		{6FA459C8-6B1D-4A24-B31D-6CC0FE506EB1}.Debug|Any CPU.ActiveCfg = Debug|Any CPU
		{6FA459C8-6B1D-4A24-B31D-6CC0FE506EB1}.Debug|Any CPU.Build.0 = Debug|Any CPU
		{6FA459C8-6B1D-4A24-B31D-6CC0FE506EB1}.Release|Any CPU.ActiveCfg = Release|Any CPU
		{6FA459C8-6B1D-4A24-B31D-6CC0FE506EB1}.Release|Any CPU.Build.0 = Release|Any CPU
		{0CBFB595-0DCB-445E-AC74-AB8E71140A87}.Debug|Any CPU.ActiveCfg = Debug|Any CPU
		{0CBFB595-0DCB-445E-AC74-AB8E71140A87}.Debug|Any CPU.Build.0 = Debug|Any CPU
		{0CBFB595-0DCB-445E-AC74-AB8E71140A87}.Release|Any CPU.ActiveCfg = Release|Any CPU
		{0CBFB595-0DCB-445E-AC74-AB8E71140A87}.Release|Any CPU.Build.0 = Release|Any CPU
		{79BBC75A-08E5-4439-BFF7-80570BAED99E}.Debug|Any CPU.ActiveCfg = Debug|Any CPU
		{79BBC75A-08E5-4439-BFF7-80570BAED99E}.Debug|Any CPU.Build.0 = Debug|Any CPU
		{79BBC75A-08E5-4439-BFF7-80570BAED99E}.Release|Any CPU.ActiveCfg = Release|Any CPU
		{79BBC75A-08E5-4439-BFF7-80570BAED99E}.Release|Any CPU.Build.0 = Release|Any CPU
		{EB417C07-8B34-41DA-AC2B-CDDA521647AE}.Debug|Any CPU.ActiveCfg = Debug|Any CPU
		{EB417C07-8B34-41DA-AC2B-CDDA521647AE}.Debug|Any CPU.Build.0 = Debug|Any CPU
		{EB417C07-8B34-41DA-AC2B-CDDA521647AE}.Release|Any CPU.ActiveCfg = Release|Any CPU
		{EB417C07-8B34-41DA-AC2B-CDDA521647AE}.Release|Any CPU.Build.0 = Release|Any CPU
		{A78FF7FD-104D-4E34-9D54-A8C38CCC0873}.Debug|Any CPU.ActiveCfg = Debug|Any CPU
		{A78FF7FD-104D-4E34-9D54-A8C38CCC0873}.Debug|Any CPU.Build.0 = Debug|Any CPU
		{A78FF7FD-104D-4E34-9D54-A8C38CCC0873}.Release|Any CPU.ActiveCfg = Release|Any CPU
		{A78FF7FD-104D-4E34-9D54-A8C38CCC0873}.Release|Any CPU.Build.0 = Release|Any CPU
	EndGlobalSection
	GlobalSection(NestedProjects) = preSolution
		{B36EDD7F-139D-4BD0-8576-026C3C4DCFAD} = {4E5E87D3-967B-478E-B42E-BFFAC3416C51}
		{BFC6AE32-FCAF-4D01-9202-AF00C6B2AC99} = {4E5E87D3-967B-478E-B42E-BFFAC3416C51}
		{879A187F-2632-40B6-9113-3B6DCDBC389A} = {5452F884-CF0F-4ACA-B4D3-DB392F430EEC}
		{6FA459C8-6B1D-4A24-B31D-6CC0FE506EB1} = {0C55439D-A8DE-4D55-B2AB-2D33F71B3413}
		{0CBFB595-0DCB-445E-AC74-AB8E71140A87} = {0C55439D-A8DE-4D55-B2AB-2D33F71B3413}
		{79BBC75A-08E5-4439-BFF7-80570BAED99E} = {26D7597E-3C67-4B1F-AC64-C3325624DEE9}
		{EB417C07-8B34-41DA-AC2B-CDDA521647AE} = {26D7597E-3C67-4B1F-AC64-C3325624DEE9}
		{A78FF7FD-104D-4E34-9D54-A8C38CCC0873} = {26D7597E-3C67-4B1F-AC64-C3325624DEE9}
	EndGlobalSection
EndGlobal
