
Microsoft Visual Studio Solution File, Format Version 12.00
Project("{FAE04EC0-301F-11D3-BF4B-00C04F79EFBC}") = "Ertis.Core", "Ertis.Core\Ertis.Core.csproj", "{E0EDA269-9EFD-4737-9498-3E942DC2EBB9}"
EndProject
Project("{2150E333-8FDC-42A3-9474-1A3956D46DE8}") = "Shared", "Shared", "{7962D45E-41A7-4DAE-AA53-ED017C94BA5C}"
EndProject
Project("{FAE04EC0-301F-11D3-BF4B-00C04F79EFBC}") = "Ertis.Json", "Ertis.Json\Ertis.Json.csproj", "{432C54CC-0A06-4DD2-9576-52A7744570C4}"
EndProject
Project("{2150E333-8FDC-42A3-9474-1A3956D46DE8}") = "Database", "Database", "{91D582ED-4767-4C06-BABF-EA1C4676A144}"
EndProject
Project("{FAE04EC0-301F-11D3-BF4B-00C04F79EFBC}") = "Ertis.Data", "Ertis.Data\Ertis.Data.csproj", "{A83D2FEE-6594-4423-824F-FF7591B4D3A9}"
EndProject
Project("{FAE04EC0-301F-11D3-BF4B-00C04F79EFBC}") = "Ertis.MongoDB", "Ertis.MongoDB\Ertis.MongoDB.csproj", "{19C8FE4B-5907-4CCE-9A82-8ED15785C177}"
EndProject
Project("{FAE04EC0-301F-11D3-BF4B-00C04F79EFBC}") = "Ertis.PostgreSQL", "Ertis.PostgreSQL\Ertis.PostgreSQL.csproj", "{515D3296-138B-44C3-8207-04B6ED0CEB6F}"
EndProject
Project("{2150E333-8FDC-42A3-9474-1A3956D46DE8}") = "Extensions", "Extensions", "{001BC70C-8CEF-4BB7-8703-A38BFCA49CF1}"
EndProject
Project("{FAE04EC0-301F-11D3-BF4B-00C04F79EFBC}") = "Ertis.Extensions.AspNetCore", "Ertis.Extensions.AspNetCore\Ertis.Extensions.AspNetCore.csproj", "{0B3192EA-6F5A-4B7A-B0AC-874FCD26DF46}"
EndProject
Project("{2150E333-8FDC-42A3-9474-1A3956D46DE8}") = "Network", "Network", "{5077CA4B-4E58-42C6-8225-964404676281}"
EndProject
Project("{FAE04EC0-301F-11D3-BF4B-00C04F79EFBC}") = "Ertis.Net", "Ertis.Net\Ertis.Net.csproj", "{3C22710E-4111-4BE0-AA27-40FB90549AEF}"
EndProject
Project("{2150E333-8FDC-42A3-9474-1A3956D46DE8}") = "Security", "Security", "{C3940740-9D58-4AB3-8954-DB47BBC33979}"
EndProject
Project("{FAE04EC0-301F-11D3-BF4B-00C04F79EFBC}") = "Ertis.Security", "Ertis.Security\Ertis.Security.csproj", "{A7A29B44-0A5B-4C45-B90A-CF4BE7E42E23}"
EndProject
Project("{2150E333-8FDC-42A3-9474-1A3956D46DE8}") = "Tests", "Tests", "{06E24061-02C7-4B3E-B289-C59D341F2C69}"
EndProject
Project("{FAE04EC0-301F-11D3-BF4B-00C04F79EFBC}") = "Ertis.Tests", "Ertis.Tests\Ertis.Tests.csproj", "{8319E2C1-D80D-4533-88BC-E056DAA9C6EF}"
EndProject
Project("{FAE04EC0-301F-11D3-BF4B-00C04F79EFBC}") = "Ertis.MongoDB.Queries", "Ertis.MongoDB.Queries\Ertis.MongoDB.Queries.csproj", "{298A531E-C4B2-4D0C-B7C8-811C759F5C91}"
EndProject
Global
	GlobalSection(SolutionConfigurationPlatforms) = preSolution
		Debug|Any CPU = Debug|Any CPU
		Release|Any CPU = Release|Any CPU
	EndGlobalSection
	GlobalSection(ProjectConfigurationPlatforms) = postSolution
		{E0EDA269-9EFD-4737-9498-3E942DC2EBB9}.Debug|Any CPU.ActiveCfg = Debug|Any CPU
		{E0EDA269-9EFD-4737-9498-3E942DC2EBB9}.Debug|Any CPU.Build.0 = Debug|Any CPU
		{E0EDA269-9EFD-4737-9498-3E942DC2EBB9}.Release|Any CPU.ActiveCfg = Release|Any CPU
		{E0EDA269-9EFD-4737-9498-3E942DC2EBB9}.Release|Any CPU.Build.0 = Release|Any CPU
		{432C54CC-0A06-4DD2-9576-52A7744570C4}.Debug|Any CPU.ActiveCfg = Debug|Any CPU
		{432C54CC-0A06-4DD2-9576-52A7744570C4}.Debug|Any CPU.Build.0 = Debug|Any CPU
		{432C54CC-0A06-4DD2-9576-52A7744570C4}.Release|Any CPU.ActiveCfg = Release|Any CPU
		{432C54CC-0A06-4DD2-9576-52A7744570C4}.Release|Any CPU.Build.0 = Release|Any CPU
		{A83D2FEE-6594-4423-824F-FF7591B4D3A9}.Debug|Any CPU.ActiveCfg = Debug|Any CPU
		{A83D2FEE-6594-4423-824F-FF7591B4D3A9}.Debug|Any CPU.Build.0 = Debug|Any CPU
		{A83D2FEE-6594-4423-824F-FF7591B4D3A9}.Release|Any CPU.ActiveCfg = Release|Any CPU
		{A83D2FEE-6594-4423-824F-FF7591B4D3A9}.Release|Any CPU.Build.0 = Release|Any CPU
		{19C8FE4B-5907-4CCE-9A82-8ED15785C177}.Debug|Any CPU.ActiveCfg = Debug|Any CPU
		{19C8FE4B-5907-4CCE-9A82-8ED15785C177}.Debug|Any CPU.Build.0 = Debug|Any CPU
		{19C8FE4B-5907-4CCE-9A82-8ED15785C177}.Release|Any CPU.ActiveCfg = Release|Any CPU
		{19C8FE4B-5907-4CCE-9A82-8ED15785C177}.Release|Any CPU.Build.0 = Release|Any CPU
		{515D3296-138B-44C3-8207-04B6ED0CEB6F}.Debug|Any CPU.ActiveCfg = Debug|Any CPU
		{515D3296-138B-44C3-8207-04B6ED0CEB6F}.Debug|Any CPU.Build.0 = Debug|Any CPU
		{515D3296-138B-44C3-8207-04B6ED0CEB6F}.Release|Any CPU.ActiveCfg = Release|Any CPU
		{515D3296-138B-44C3-8207-04B6ED0CEB6F}.Release|Any CPU.Build.0 = Release|Any CPU
		{0B3192EA-6F5A-4B7A-B0AC-874FCD26DF46}.Debug|Any CPU.ActiveCfg = Debug|Any CPU
		{0B3192EA-6F5A-4B7A-B0AC-874FCD26DF46}.Debug|Any CPU.Build.0 = Debug|Any CPU
		{0B3192EA-6F5A-4B7A-B0AC-874FCD26DF46}.Release|Any CPU.ActiveCfg = Release|Any CPU
		{0B3192EA-6F5A-4B7A-B0AC-874FCD26DF46}.Release|Any CPU.Build.0 = Release|Any CPU
		{3C22710E-4111-4BE0-AA27-40FB90549AEF}.Debug|Any CPU.ActiveCfg = Debug|Any CPU
		{3C22710E-4111-4BE0-AA27-40FB90549AEF}.Debug|Any CPU.Build.0 = Debug|Any CPU
		{3C22710E-4111-4BE0-AA27-40FB90549AEF}.Release|Any CPU.ActiveCfg = Release|Any CPU
		{3C22710E-4111-4BE0-AA27-40FB90549AEF}.Release|Any CPU.Build.0 = Release|Any CPU
		{A7A29B44-0A5B-4C45-B90A-CF4BE7E42E23}.Debug|Any CPU.ActiveCfg = Debug|Any CPU
		{A7A29B44-0A5B-4C45-B90A-CF4BE7E42E23}.Debug|Any CPU.Build.0 = Debug|Any CPU
		{A7A29B44-0A5B-4C45-B90A-CF4BE7E42E23}.Release|Any CPU.ActiveCfg = Release|Any CPU
		{A7A29B44-0A5B-4C45-B90A-CF4BE7E42E23}.Release|Any CPU.Build.0 = Release|Any CPU
		{8319E2C1-D80D-4533-88BC-E056DAA9C6EF}.Debug|Any CPU.ActiveCfg = Debug|Any CPU
		{8319E2C1-D80D-4533-88BC-E056DAA9C6EF}.Debug|Any CPU.Build.0 = Debug|Any CPU
		{8319E2C1-D80D-4533-88BC-E056DAA9C6EF}.Release|Any CPU.ActiveCfg = Release|Any CPU
		{8319E2C1-D80D-4533-88BC-E056DAA9C6EF}.Release|Any CPU.Build.0 = Release|Any CPU
		{298A531E-C4B2-4D0C-B7C8-811C759F5C91}.Debug|Any CPU.ActiveCfg = Debug|Any CPU
		{298A531E-C4B2-4D0C-B7C8-811C759F5C91}.Debug|Any CPU.Build.0 = Debug|Any CPU
		{298A531E-C4B2-4D0C-B7C8-811C759F5C91}.Release|Any CPU.ActiveCfg = Release|Any CPU
		{298A531E-C4B2-4D0C-B7C8-811C759F5C91}.Release|Any CPU.Build.0 = Release|Any CPU
	EndGlobalSection
	GlobalSection(NestedProjects) = preSolution
		{E0EDA269-9EFD-4737-9498-3E942DC2EBB9} = {7962D45E-41A7-4DAE-AA53-ED017C94BA5C}
		{432C54CC-0A06-4DD2-9576-52A7744570C4} = {7962D45E-41A7-4DAE-AA53-ED017C94BA5C}
		{A83D2FEE-6594-4423-824F-FF7591B4D3A9} = {91D582ED-4767-4C06-BABF-EA1C4676A144}
		{19C8FE4B-5907-4CCE-9A82-8ED15785C177} = {91D582ED-4767-4C06-BABF-EA1C4676A144}
		{515D3296-138B-44C3-8207-04B6ED0CEB6F} = {91D582ED-4767-4C06-BABF-EA1C4676A144}
		{0B3192EA-6F5A-4B7A-B0AC-874FCD26DF46} = {001BC70C-8CEF-4BB7-8703-A38BFCA49CF1}
		{3C22710E-4111-4BE0-AA27-40FB90549AEF} = {5077CA4B-4E58-42C6-8225-964404676281}
		{A7A29B44-0A5B-4C45-B90A-CF4BE7E42E23} = {C3940740-9D58-4AB3-8954-DB47BBC33979}
		{8319E2C1-D80D-4533-88BC-E056DAA9C6EF} = {06E24061-02C7-4B3E-B289-C59D341F2C69}
		{298A531E-C4B2-4D0C-B7C8-811C759F5C91} = {91D582ED-4767-4C06-BABF-EA1C4676A144}
	EndGlobalSection
EndGlobal
